Microsoft Visual Studio Solution File, Format Version 12.00
# Visual Studio Version 16
VisualStudioVersion = 16.0.32802.440
MinimumVisualStudioVersion = 10.0.40219.1
Project("{8BC9CEB8-8B4A-11D0-8D11-00A0C91BC942}") = "qBreakpad", "handler\qBreakpad.vcxproj", "{EBBC7FEE-269E-339D-B7EE-018A23AF479D}"
EndProject
Project("{8BC9CEB8-8B4A-11D0-8D11-00A0C91BC942}") = "test", "demo\program\test.vcxproj", "{34E18EAE-D9AC-3731-AFEB-8F2A96C7C5AD}"
	ProjectSection(ProjectDependencies) = postProject
		{EBBC7FEE-269E-339D-B7EE-018A23AF479D} = {EBBC7FEE-269E-339D-B7EE-018A23AF479D}
	EndProjectSection
EndProject
Project("{8BC9CEB8-8B4A-11D0-8D11-00A0C91BC942}") = "ReporterExample", "demo\reporter\ReporterExample.vcxproj", "{A621BC00-278C-381E-BAF0-B08B82F22475}"
	ProjectSection(ProjectDependencies) = postProject
		{EBBC7FEE-269E-339D-B7EE-018A23AF479D} = {EBBC7FEE-269E-339D-B7EE-018A23AF479D}
	EndProjectSection
EndProject
Project("{8BC9CEB8-8B4A-11D0-8D11-00A0C91BC942}") = "duplicates_test", "tests\duplicates\duplicates_test.vcxproj", "{048D1204-AFB0-319E-94CB-ECF6B1A7B808}"
	ProjectSection(ProjectDependencies) = postProject
		{EBBC7FEE-269E-339D-B7EE-018A23AF479D} = {EBBC7FEE-269E-339D-B7EE-018A23AF479D}
	EndProjectSection
EndProject
Project("{8BC9CEB8-8B4A-11D0-8D11-00A0C91BC942}") = "testsRunner", "tests\testsRunner\testsRunner.vcxproj", "{501772D9-B3F3-346F-A44C-E3CD04DA963E}"
EndProject
Global
	GlobalSection(SolutionConfigurationPlatforms) = preSolution
		Debug|x64 = Debug|x64
		Release|x64 = Release|x64
	EndGlobalSection
	GlobalSection(ProjectConfigurationPlatforms) = postSolution
		{EBBC7FEE-269E-339D-B7EE-018A23AF479D}.Debug|x64.ActiveCfg = Debug|x64
		{EBBC7FEE-269E-339D-B7EE-018A23AF479D}.Debug|x64.Build.0 = Debug|x64
		{EBBC7FEE-269E-339D-B7EE-018A23AF479D}.Release|x64.ActiveCfg = Release|x64
		{EBBC7FEE-269E-339D-B7EE-018A23AF479D}.Release|x64.Build.0 = Release|x64
		{34E18EAE-D9AC-3731-AFEB-8F2A96C7C5AD}.Debug|x64.ActiveCfg = Debug|x64
		{34E18EAE-D9AC-3731-AFEB-8F2A96C7C5AD}.Debug|x64.Build.0 = Debug|x64
		{34E18EAE-D9AC-3731-AFEB-8F2A96C7C5AD}.Release|x64.ActiveCfg = Release|x64
		{34E18EAE-D9AC-3731-AFEB-8F2A96C7C5AD}.Release|x64.Build.0 = Release|x64
		{A621BC00-278C-381E-BAF0-B08B82F22475}.Debug|x64.ActiveCfg = Debug|x64
		{A621BC00-278C-381E-BAF0-B08B82F22475}.Debug|x64.Build.0 = Debug|x64
		{A621BC00-278C-381E-BAF0-B08B82F22475}.Release|x64.ActiveCfg = Release|x64
		{A621BC00-278C-381E-BAF0-B08B82F22475}.Release|x64.Build.0 = Release|x64
		{048D1204-AFB0-319E-94CB-ECF6B1A7B808}.Debug|x64.ActiveCfg = Debug|x64
		{048D1204-AFB0-319E-94CB-ECF6B1A7B808}.Debug|x64.Build.0 = Debug|x64
		{048D1204-AFB0-319E-94CB-ECF6B1A7B808}.Release|x64.ActiveCfg = Release|x64
		{048D1204-AFB0-319E-94CB-ECF6B1A7B808}.Release|x64.Build.0 = Release|x64
		{501772D9-B3F3-346F-A44C-E3CD04DA963E}.Debug|x64.ActiveCfg = Debug|x64
		{501772D9-B3F3-346F-A44C-E3CD04DA963E}.Debug|x64.Build.0 = Debug|x64
		{501772D9-B3F3-346F-A44C-E3CD04DA963E}.Release|x64.ActiveCfg = Release|x64
		{501772D9-B3F3-346F-A44C-E3CD04DA963E}.Release|x64.Build.0 = Release|x64
	EndGlobalSection
	GlobalSection(SolutionProperties) = preSolution
		HideSolutionNode = FALSE
	EndGlobalSection
	GlobalSection(ExtensibilityGlobals) = postSolution
		SolutionGuid = {2EC13CD7-AEA3-48D0-B500-C8816171B6B0}
	EndGlobalSection
EndGlobal
